{
  "version": 4,
  "terraform_version": "1.1.7",
  "serial": 8,
  "lineage": "c6db28d6-6237-b28c-e5c7-92a4e9a12726",
  "outputs": {},
  "resources": [
    {
      "mode": "managed",
      "type": "k3d_cluster",
      "name": "mycluster",
      "provider": "provider[\"registry.terraform.io/pvotal-tech/k3d\"]",
      "instances": [
        {
          "status": "tainted",
          "schema_version": 0,
          "attributes": {
            "agents": 2,
            "credentials": null,
            "env": [
              {
                "key": "bar",
                "node_filters": [
                  "server[0]"
                ],
                "value": "baz"
              }
            ],
            "id": "mycluster",
            "image": "rancher/k3s:v1.20.4-k3s1",
            "k3d": [
              {
                "disable_host_ip_injection": false,
                "disable_image_volume": false,
                "disable_load_balancer": false
              }
            ],
            "k3s": [
              {
                "extra_agent_args": [],
                "extra_server_args": [
                  "--tls-san=my.host.domain"
                ]
              }
            ],
            "kube_api": [
              {
                "host": "myhost.my.domain",
                "host_ip": "127.0.0.1",
                "host_port": 6445
              }
            ],
            "kubeconfig": [
              {
                "switch_current_context": true,
                "update_default_kubeconfig": true
              }
            ],
            "label": [
              {
                "key": "foo",
                "node_filters": [
                  "agent[1]"
                ],
                "value": "bar"
              }
            ],
            "name": "mycluster",
            "network": "my-custom-net",
            "port": [
              {
                "container_port": 80,
                "host": "",
                "host_port": 8080,
                "node_filters": [
                  "loadbalancer"
                ],
                "protocol": ""
              }
            ],
            "registries": [],
            "runtime": [],
            "servers": 1,
            "token": "superSecretToken",
            "volume": []
          },
          "sensitive_attributes": [],
          "private": "bnVsbA=="
        }
      ]
    }
  ]
}
